# THIS IS AN AUTOGENERATED FILE. DO NOT EDIT THIS FILE DIRECTLY.
# yarn lockfile v1


"@tdreyno/pii@^1.4.0":
  version "1.4.0"
  resolved "https://registry.yarnpkg.com/@tdreyno/pii/-/pii-1.4.0.tgz#8f071fa1ff01924630ce52c2434b8106ac8da7bb"
  integrity sha512-KawxUHSc7gYSYXK2dOhfcVbIOgsH5RhamY2gVxe7F7nOJ57pAjrhBAmrNiw/79gjg3bwHPrg+a8AgRbrejiV8Q==
